
Microsoft Visual Studio Solution File, Format Version 12.00
# Visual Studio Version 17
VisualStudioVersion = 17.13.35825.156 d17.13
MinimumVisualStudioVersion = 10.0.40219.1
Project("{FAE04EC0-301F-11D3-BF4B-00C04F79EFBC}") = "MyMCP", "MyMCP\MyMCP.csproj", "{B7EAC78A-D0DC-4318-A99C-0BA665AA7934}"
EndProject
Global
	GlobalSection(SolutionConfigurationPlatforms) = preSolution
		Debug|Any CPU = Debug|Any CPU
		Release|Any CPU = Release|Any CPU
	EndGlobalSection
	GlobalSection(ProjectConfigurationPlatforms) = postSolution
		{B7EAC78A-D0DC-4318-A99C-0BA665AA7934}.Debug|Any CPU.ActiveCfg = Debug|Any CPU
		{B7EAC78A-D0DC-4318-A99C-0BA665AA7934}.Debug|Any CPU.Build.0 = Debug|Any CPU
		{B7EAC78A-D0DC-4318-A99C-0BA665AA7934}.Release|Any CPU.ActiveCfg = Release|Any CPU
		{B7EAC78A-D0DC-4318-A99C-0BA665AA7934}.Release|Any CPU.Build.0 = Release|Any CPU
	EndGlobalSection
	GlobalSection(SolutionProperties) = preSolution
		HideSolutionNode = FALSE
	EndGlobalSection
	GlobalSection(ExtensibilityGlobals) = postSolution
		SolutionGuid = {791C9A04-FED9-4CF0-B871-15CAF094A50D}
	EndGlobalSection
EndGlobal
